
Microsoft Visual Studio Solution File, Format Version 12.00
# Visual Studio Version 16
VisualStudioVersion = 16.0.32630.194
MinimumVisualStudioVersion = 10.0.40219.1
Project("{FAE04EC0-301F-11D3-BF4B-00C04F79EFBC}") = "Conditionals_Price_Jacob", "Conditionals_Price_Jacob\Conditionals_Price_Jacob.csproj", "{A6C403C0-9EBF-4A3F-9875-0DCDDBCAA2A1}"
EndProject
Global
	GlobalSection(SolutionConfigurationPlatforms) = preSolution
		Debug|Any CPU = Debug|Any CPU
		Release|Any CPU = Release|Any CPU
	EndGlobalSection
	GlobalSection(ProjectConfigurationPlatforms) = postSolution
		{A6C403C0-9EBF-4A3F-9875-0DCDDBCAA2A1}.Debug|Any CPU.ActiveCfg = Debug|Any CPU
		{A6C403C0-9EBF-4A3F-9875-0DCDDBCAA2A1}.Debug|Any CPU.Build.0 = Debug|Any CPU
		{A6C403C0-9EBF-4A3F-9875-0DCDDBCAA2A1}.Release|Any CPU.ActiveCfg = Release|Any CPU
		{A6C403C0-9EBF-4A3F-9875-0DCDDBCAA2A1}.Release|Any CPU.Build.0 = Release|Any CPU
	EndGlobalSection
	GlobalSection(SolutionProperties) = preSolution
		HideSolutionNode = FALSE
	EndGlobalSection
	GlobalSection(ExtensibilityGlobals) = postSolution
		SolutionGuid = {343DE81F-87E4-4546-9944-CD9E2FA3B218}
	EndGlobalSection
EndGlobal
